
Microsoft Visual Studio Solution File, Format Version 12.00
# Visual Studio 15
VisualStudioVersion = 15.0.27703.2000
MinimumVisualStudioVersion = 10.0.40219.1
Project("{FAE04EC0-301F-11D3-BF4B-00C04F79EFBC}") = "RibeshAmatya", "RibeshAmatya\RibeshAmatya.csproj", "{1C3C145F-689B-44CA-90E2-C43F379B932B}"
EndProject
Global
	GlobalSection(SolutionConfigurationPlatforms) = preSolution
		Debug|Any CPU = Debug|Any CPU
		Release|Any CPU = Release|Any CPU
	EndGlobalSection
	GlobalSection(ProjectConfigurationPlatforms) = postSolution
		{1C3C145F-689B-44CA-90E2-C43F379B932B}.Debug|Any CPU.ActiveCfg = Debug|Any CPU
		{1C3C145F-689B-44CA-90E2-C43F379B932B}.Debug|Any CPU.Build.0 = Debug|Any CPU
		{1C3C145F-689B-44CA-90E2-C43F379B932B}.Release|Any CPU.ActiveCfg = Release|Any CPU
		{1C3C145F-689B-44CA-90E2-C43F379B932B}.Release|Any CPU.Build.0 = Release|Any CPU
	EndGlobalSection
	GlobalSection(SolutionProperties) = preSolution
		HideSolutionNode = FALSE
	EndGlobalSection
	GlobalSection(ExtensibilityGlobals) = postSolution
		SolutionGuid = {E2428046-A6BB-4C13-9AFC-B21AD0B3E6F0}
	EndGlobalSection
EndGlobal
